
Microsoft Visual Studio Solution File, Format Version 12.00
# Visual Studio 15
VisualStudioVersion = 15.0.28307.168
MinimumVisualStudioVersion = 10.0.40219.1
Project("{8BC9CEB8-8B4A-11D0-8D11-00A0C91BC942}") = "RedEngine", "RedEngine\RedEngine.vcxproj", "{C6FCA7A2-00D8-4727-AE52-AA0B0264026F}"
EndProject
Project("{8BC9CEB8-8B4A-11D0-8D11-00A0C91BC942}") = "RedGame", "RedGame\RedGame.vcxproj", "{C117AF00-548E-425C-BD68-90CA2C40B09B}"
EndProject
Project("{8BC9CEB8-8B4A-11D0-8D11-00A0C91BC942}") = "Red2dGame", "Red2dGame\Red2dGame.vcxproj", "{7A52BAC0-E1B3-41DA-BEB3-E47E0948EC62}"
EndProject
Global
	GlobalSection(SolutionConfigurationPlatforms) = preSolution
		Debug|x64 = Debug|x64
		Debug|x86 = Debug|x86
		Release|x64 = Release|x64
		Release|x86 = Release|x86
	EndGlobalSection
	GlobalSection(ProjectConfigurationPlatforms) = postSolution
		{C6FCA7A2-00D8-4727-AE52-AA0B0264026F}.Debug|x64.ActiveCfg = Debug|x64
		{C6FCA7A2-00D8-4727-AE52-AA0B0264026F}.Debug|x64.Build.0 = Debug|x64
		{C6FCA7A2-00D8-4727-AE52-AA0B0264026F}.Debug|x86.ActiveCfg = Debug|x64
		{C6FCA7A2-00D8-4727-AE52-AA0B0264026F}.Release|x64.ActiveCfg = Release|x64
		{C6FCA7A2-00D8-4727-AE52-AA0B0264026F}.Release|x64.Build.0 = Release|x64
		{C6FCA7A2-00D8-4727-AE52-AA0B0264026F}.Release|x86.ActiveCfg = Release|x64
		{C117AF00-548E-425C-BD68-90CA2C40B09B}.Debug|x64.ActiveCfg = Debug|x64
		{C117AF00-548E-425C-BD68-90CA2C40B09B}.Debug|x64.Build.0 = Debug|x64
		{C117AF00-548E-425C-BD68-90CA2C40B09B}.Debug|x86.ActiveCfg = Debug|Win32
		{C117AF00-548E-425C-BD68-90CA2C40B09B}.Debug|x86.Build.0 = Debug|Win32
		{C117AF00-548E-425C-BD68-90CA2C40B09B}.Release|x64.ActiveCfg = Release|x64
		{C117AF00-548E-425C-BD68-90CA2C40B09B}.Release|x64.Build.0 = Release|x64
		{C117AF00-548E-425C-BD68-90CA2C40B09B}.Release|x86.ActiveCfg = Release|Win32
		{C117AF00-548E-425C-BD68-90CA2C40B09B}.Release|x86.Build.0 = Release|Win32
		{7A52BAC0-E1B3-41DA-BEB3-E47E0948EC62}.Debug|x64.ActiveCfg = Debug|x64
		{7A52BAC0-E1B3-41DA-BEB3-E47E0948EC62}.Debug|x64.Build.0 = Debug|x64
		{7A52BAC0-E1B3-41DA-BEB3-E47E0948EC62}.Debug|x86.ActiveCfg = Debug|Win32
		{7A52BAC0-E1B3-41DA-BEB3-E47E0948EC62}.Debug|x86.Build.0 = Debug|Win32
		{7A52BAC0-E1B3-41DA-BEB3-E47E0948EC62}.Release|x64.ActiveCfg = Release|x64
		{7A52BAC0-E1B3-41DA-BEB3-E47E0948EC62}.Release|x64.Build.0 = Release|x64
		{7A52BAC0-E1B3-41DA-BEB3-E47E0948EC62}.Release|x86.ActiveCfg = Release|Win32
		{7A52BAC0-E1B3-41DA-BEB3-E47E0948EC62}.Release|x86.Build.0 = Release|Win32
	EndGlobalSection
	GlobalSection(SolutionProperties) = preSolution
		HideSolutionNode = FALSE
	EndGlobalSection
	GlobalSection(ExtensibilityGlobals) = postSolution
		SolutionGuid = {FC4FBE25-8E1D-4EE7-874C-33305C6E9E31}
	EndGlobalSection
EndGlobal
